
Microsoft Visual Studio Solution File, Format Version 12.00
# Visual Studio Version 17
VisualStudioVersion = 17.4.33110.190
MinimumVisualStudioVersion = 10.0.40219.1
Project("{FAE04EC0-301F-11D3-BF4B-00C04F79EFBC}") = "Chat_And_File_Sharing", "Chat_And_File_Sharing\Chat_And_File_Sharing.csproj", "{4886185C-0913-456C-985D-DEFDA0096222}"
EndProject
Global
	GlobalSection(SolutionConfigurationPlatforms) = preSolution
		Debug|Any CPU = Debug|Any CPU
		Release|Any CPU = Release|Any CPU
	EndGlobalSection
	GlobalSection(ProjectConfigurationPlatforms) = postSolution
		{4886185C-0913-456C-985D-DEFDA0096222}.Debug|Any CPU.ActiveCfg = Debug|Any CPU
		{4886185C-0913-456C-985D-DEFDA0096222}.Debug|Any CPU.Build.0 = Debug|Any CPU
		{4886185C-0913-456C-985D-DEFDA0096222}.Release|Any CPU.ActiveCfg = Release|Any CPU
		{4886185C-0913-456C-985D-DEFDA0096222}.Release|Any CPU.Build.0 = Release|Any CPU
	EndGlobalSection
	GlobalSection(SolutionProperties) = preSolution
		HideSolutionNode = FALSE
	EndGlobalSection
	GlobalSection(ExtensibilityGlobals) = postSolution
		SolutionGuid = {C4438595-BFC0-4092-B3BC-7869463A2DA8}
	EndGlobalSection
EndGlobal
